// !$*UTF8*$!
{
	archiveVersion = 1;
	classes = {
	};
	objectVersion = 46;
	objects = {

/* Begin PBXBuildFile section */
		522FFFB6EB3DA57CCB07EF9A /* stb_truetype.c in Sources */ = {isa = PBXBuildFile; fileRef = DC55FEC740DD28FBDD2D4406 /* stb_truetype.c */; };
		5A479B04DF062DE7431FD3BF /* ofUnicode.cpp in Sources */ = {isa = PBXBuildFile; fileRef = BF3CACAAE84A581E4AFA9FA7 /* ofUnicode.cpp */; };
		670A9BD1183A6D72005F1457 /* Syphon.framework in Frameworks */ = {isa = PBXBuildFile; fileRef = 670A9BC4183A6D72005F1457 /* Syphon.framework */; };
		670A9BD2183A6D72005F1457 /* SyphonNameboundClient.m in Sources */ = {isa = PBXBuildFile; fileRef = 670A9BC7183A6D72005F1457 /* SyphonNameboundClient.m */; };
		670A9BD3183A6D72005F1457 /* ofxSyphonClient.mm in Sources */ = {isa = PBXBuildFile; fileRef = 670A9BCC183A6D72005F1457 /* ofxSyphonClient.mm */; };
		670A9BD4183A6D72005F1457 /* ofxSyphonServer.mm in Sources */ = {isa = PBXBuildFile; fileRef = 670A9BCE183A6D72005F1457 /* ofxSyphonServer.mm */; };
		670A9BD5183A6D72005F1457 /* ofxSyphonServerDirectory.mm in Sources */ = {isa = PBXBuildFile; fileRef = 670A9BD0183A6D72005F1457 /* ofxSyphonServerDirectory.mm */; };
		670A9BD6183A6D7F005F1457 /* Syphon.framework in CopyFiles */ = {isa = PBXBuildFile; fileRef = 670A9BC4183A6D72005F1457 /* Syphon.framework */; };
		670A9BD9183A6E07005F1457 /* ACSentence.cpp in Sources */ = {isa = PBXBuildFile; fileRef = 670A9BD7183A6E07005F1457 /* ACSentence.cpp */; };
		670A9BDD183A7F4D005F1457 /* ACUtil.cpp in Sources */ = {isa = PBXBuildFile; fileRef = 670A9BDB183A7F4D005F1457 /* ACUtil.cpp */; };
		670A9BE0183A8606005F1457 /* ACSentenceManager.cpp in Sources */ = {isa = PBXBuildFile; fileRef = 670A9BDE183A8606005F1457 /* ACSentenceManager.cpp */; };
		677DCDC6183A91B800B3943A /* IpEndpointName.cpp in Sources */ = {isa = PBXBuildFile; fileRef = 677DCDA0183A91B800B3943A /* IpEndpointName.cpp */; };
		677DCDC7183A91B800B3943A /* NetworkingUtils.cpp in Sources */ = {isa = PBXBuildFile; fileRef = 677DCDA5183A91B800B3943A /* NetworkingUtils.cpp */; };
		677DCDC8183A91B800B3943A /* UdpSocket.cpp in Sources */ = {isa = PBXBuildFile; fileRef = 677DCDA6183A91B800B3943A /* UdpSocket.cpp */; };
		677DCDC9183A91B800B3943A /* NetworkingUtilsWin.cpp in Sources */ = {isa = PBXBuildFile; fileRef = 677DCDAA183A91B800B3943A /* NetworkingUtilsWin.cpp */; };
		677DCDCA183A91B800B3943A /* UdpSocketWin.cpp in Sources */ = {isa = PBXBuildFile; fileRef = 677DCDAB183A91B800B3943A /* UdpSocketWin.cpp */; };
		677DCDCB183A91B800B3943A /* OscOutboundPacketStream.cpp in Sources */ = {isa = PBXBuildFile; fileRef = 677DCDB0183A91B800B3943A /* OscOutboundPacketStream.cpp */; };
		677DCDCC183A91B800B3943A /* OscPrintReceivedElements.cpp in Sources */ = {isa = PBXBuildFile; fileRef = 677DCDB3183A91B800B3943A /* OscPrintReceivedElements.cpp */; };
		677DCDCD183A91B800B3943A /* OscReceivedElements.cpp in Sources */ = {isa = PBXBuildFile; fileRef = 677DCDB5183A91B800B3943A /* OscReceivedElements.cpp */; };
		677DCDCE183A91B800B3943A /* OscTypes.cpp in Sources */ = {isa = PBXBuildFile; fileRef = 677DCDB7183A91B800B3943A /* OscTypes.cpp */; };
		677DCDCF183A91B800B3943A /* ofxOscBundle.cpp in Sources */ = {isa = PBXBuildFile; fileRef = 677DCDBC183A91B800B3943A /* ofxOscBundle.cpp */; };
		677DCDD0183A91B800B3943A /* ofxOscMessage.cpp in Sources */ = {isa = PBXBuildFile; fileRef = 677DCDBE183A91B800B3943A /* ofxOscMessage.cpp */; };
		677DCDD1183A91B800B3943A /* ofxOscParameterSync.cpp in Sources */ = {isa = PBXBuildFile; fileRef = 677DCDC0183A91B800B3943A /* ofxOscParameterSync.cpp */; };
		677DCDD2183A91B800B3943A /* ofxOscReceiver.cpp in Sources */ = {isa = PBXBuildFile; fileRef = 677DCDC2183A91B800B3943A /* ofxOscReceiver.cpp */; };
		677DCDD3183A91B800B3943A /* ofxOscSender.cpp in Sources */ = {isa = PBXBuildFile; fileRef = 677DCDC4183A91B800B3943A /* ofxOscSender.cpp */; };
		7B388D550037229D99E7F52A /* ofxFontStash.cpp in Sources */ = {isa = PBXBuildFile; fileRef = D8A535D3474A0EAB684CAC5D /* ofxFontStash.cpp */; };
		801397981E78A4CBDE809376 /* fontstash.c in Sources */ = {isa = PBXBuildFile; fileRef = D5AE78144E3980BD0B4445D7 /* fontstash.c */; };
		AD7CCE180C5BEF646A1B62E1 /* ofUTF8.cpp in Sources */ = {isa = PBXBuildFile; fileRef = 45FD7CA9F83C2CD563A7A5F4 /* ofUTF8.cpp */; };
		B0F2688D773B5C8FB13237F8 /* ofTextConverter.cpp in Sources */ = {isa = PBXBuildFile; fileRef = 8BF1B7E7C1C21FE45AB73E04 /* ofTextConverter.cpp */; };
		BBAB23CB13894F3D00AA2426 /* GLUT.framework in CopyFiles */ = {isa = PBXBuildFile; fileRef = BBAB23BE13894E4700AA2426 /* GLUT.framework */; };
		E4328149138ABC9F0047C5CB /* openFrameworksDebug.a in Frameworks */ = {isa = PBXBuildFile; fileRef = E4328148138ABC890047C5CB /* openFrameworksDebug.a */; };
		E45BE97B0E8CC7DD009D7055 /* AGL.framework in Frameworks */ = {isa = PBXBuildFile; fileRef = E45BE9710E8CC7DD009D7055 /* AGL.framework */; };
		E45BE97C0E8CC7DD009D7055 /* ApplicationServices.framework in Frameworks */ = {isa = PBXBuildFile; fileRef = E45BE9720E8CC7DD009D7055 /* ApplicationServices.framework */; };
		E45BE97D0E8CC7DD009D7055 /* AudioToolbox.framework in Frameworks */ = {isa = PBXBuildFile; fileRef = E45BE9730E8CC7DD009D7055 /* AudioToolbox.framework */; };
		E45BE97E0E8CC7DD009D7055 /* Carbon.framework in Frameworks */ = {isa = PBXBuildFile; fileRef = E45BE9740E8CC7DD009D7055 /* Carbon.framework */; };
		E45BE97F0E8CC7DD009D7055 /* CoreAudio.framework in Frameworks */ = {isa = PBXBuildFile; fileRef = E45BE9750E8CC7DD009D7055 /* CoreAudio.framework */; };
		E45BE9800E8CC7DD009D7055 /* CoreFoundation.framework in Frameworks */ = {isa = PBXBuildFile; fileRef = E45BE9760E8CC7DD009D7055 /* CoreFoundation.framework */; };
		E45BE9810E8CC7DD009D7055 /* CoreServices.framework in Frameworks */ = {isa = PBXBuildFile; fileRef = E45BE9770E8CC7DD009D7055 /* CoreServices.framework */; };
		E45BE9830E8CC7DD009D7055 /* OpenGL.framework in Frameworks */ = {isa = PBXBuildFile; fileRef = E45BE9790E8CC7DD009D7055 /* OpenGL.framework */; };
		E45BE9840E8CC7DD009D7055 /* QuickTime.framework in Frameworks */ = {isa = PBXBuildFile; fileRef = E45BE97A0E8CC7DD009D7055 /* QuickTime.framework */; };
		E4B69E200A3A1BDC003C02F2 /* main.cpp in Sources */ = {isa = PBXBuildFile; fileRef = E4B69E1D0A3A1BDC003C02F2 /* main.cpp */; };
		E4B69E210A3A1BDC003C02F2 /* testApp.cpp in Sources */ = {isa = PBXBuildFile; fileRef = E4B69E1E0A3A1BDC003C02F2 /* testApp.cpp */; };
		E4C2424710CC5A17004149E2 /* AppKit.framework in Frameworks */ = {isa = PBXBuildFile; fileRef = E4C2424410CC5A17004149E2 /* AppKit.framework */; };
		E4C2424810CC5A17004149E2 /* Cocoa.framework in Frameworks */ = {isa = PBXBuildFile; fileRef = E4C2424510CC5A17004149E2 /* Cocoa.framework */; };
		E4C2424910CC5A17004149E2 /* IOKit.framework in Frameworks */ = {isa = PBXBuildFile; fileRef = E4C2424610CC5A17004149E2 /* IOKit.framework */; };
		E4EB6799138ADC1D00A09F29 /* GLUT.framework in Frameworks */ = {isa = PBXBuildFile; fileRef = BBAB23BE13894E4700AA2426 /* GLUT.framework */; };
		E7E077E515D3B63C0020DFD4 /* CoreVideo.framework in Frameworks */ = {isa = PBXBuildFile; fileRef = E7E077E415D3B63C0020DFD4 /* CoreVideo.framework */; };
		E7E077E815D3B6510020DFD4 /* QTKit.framework in Frameworks */ = {isa = PBXBuildFile; fileRef = E7E077E715D3B6510020DFD4 /* QTKit.framework */; };
		E7F985F815E0DEA3003869B5 /* Accelerate.framework in Frameworks */ = {isa = PBXBuildFile; fileRef = E7F985F515E0DE99003869B5 /* Accelerate.framework */; };
		F19A86761838BE6600F0022F /* ofxTCPClient.cpp in Sources */ = {isa = PBXBuildFile; fileRef = F19A866E1838BE6600F0022F /* ofxTCPClient.cpp */; };
		F19A86771838BE6600F0022F /* ofxTCPManager.cpp in Sources */ = {isa = PBXBuildFile; fileRef = F19A86701838BE6600F0022F /* ofxTCPManager.cpp */; };
		F19A86781838BE6600F0022F /* ofxTCPServer.cpp in Sources */ = {isa = PBXBuildFile; fileRef = F19A86721838BE6600F0022F /* ofxTCPServer.cpp */; };
		F19A86791838BE6600F0022F /* ofxUDPManager.cpp in Sources */ = {isa = PBXBuildFile; fileRef = F19A86741838BE6600F0022F /* ofxUDPManager.cpp */; };
/* End PBXBuildFile section */

/* Begin PBXContainerItemProxy section */
		E4328147138ABC890047C5CB /* PBXContainerItemProxy */ = {
			isa = PBXContainerItemProxy;
			containerPortal = E4328143138ABC890047C5CB /* openFrameworksLib.xcodeproj */;
			proxyType = 2;
			remoteGlobalIDString = E4B27C1510CBEB8E00536013;
			remoteInfo = openFrameworks;
		};
		E4EEB9AB138B136A00A80321 /* PBXContainerItemProxy */ = {
			isa = PBXContainerItemProxy;
			containerPortal = E4328143138ABC890047C5CB /* openFrameworksLib.xcodeproj */;
			proxyType = 1;
			remoteGlobalIDString = E4B27C1410CBEB8E00536013;
			remoteInfo = openFrameworks;
		};
/* End PBXContainerItemProxy section */

/* Begin PBXCopyFilesBuildPhase section */
		E4C2427710CC5ABF004149E2 /* CopyFiles */ = {
			isa = PBXCopyFilesBuildPhase;
			buildActionMask = 2147483647;
			dstPath = "";
			dstSubfolderSpec = 10;
			files = (
				BBAB23CB13894F3D00AA2426 /* GLUT.framework in CopyFiles */,
				670A9BD6183A6D7F005F1457 /* Syphon.framework in CopyFiles */,
			);
			runOnlyForDeploymentPostprocessing = 0;
		};
/* End PBXCopyFilesBuildPhase section */

/* Begin PBXFileReference section */
		0515C14AC6601810E14A06E9 /* unchecked.h */ = {isa = PBXFileReference; explicitFileType = sourcecode.c.h; fileEncoding = 30; name = unchecked.h; path = ../../../addons/ofxUnicode/libs/utf8cpp/include/utf8/unchecked.h; sourceTree = SOURCE_ROOT; };
		093C39E85E4407D3C432539E /* ofxFontStash.h */ = {isa = PBXFileReference; explicitFileType = sourcecode.c.h; fileEncoding = 30; name = ofxFontStash.h; path = ../../../addons/ofxFontStash/src/ofxFontStash.h; sourceTree = SOURCE_ROOT; };
		11D8E2992E2E3FC07AE1D0E5 /* core.h */ = {isa = PBXFileReference; explicitFileType = sourcecode.c.h; fileEncoding = 30; name = core.h; path = ../../../addons/ofxUnicode/libs/utf8cpp/src/utf8_v2_3_1/source/utf8/core.h; sourceTree = SOURCE_ROOT; };
		1EE77CC72B6BF6921CD961C9 /* ofUTF8.h */ = {isa = PBXFileReference; explicitFileType = sourcecode.c.h; fileEncoding = 30; name = ofUTF8.h; path = ../../../addons/ofxUnicode/src/ofUTF8.h; sourceTree = SOURCE_ROOT; };
		26207A0EB54CBAAF59F96A82 /* checked.h */ = {isa = PBXFileReference; explicitFileType = sourcecode.c.h; fileEncoding = 30; name = checked.h; path = ../../../addons/ofxUnicode/libs/utf8cpp/src/utf8_v2_3_1/source/utf8/checked.h; sourceTree = SOURCE_ROOT; };
		2A290CAAF51BCF4C00277C55 /* ofTextConverter.h */ = {isa = PBXFileReference; explicitFileType = sourcecode.c.h; fileEncoding = 30; name = ofTextConverter.h; path = ../../../addons/ofxUnicode/src/ofTextConverter.h; sourceTree = SOURCE_ROOT; };
		2E0D84EF6FDDA146459B2400 /* unchecked.h */ = {isa = PBXFileReference; explicitFileType = sourcecode.c.h; fileEncoding = 30; name = unchecked.h; path = ../../../addons/ofxUnicode/libs/utf8cpp/src/utf8_v2_3_1/source/utf8/unchecked.h; sourceTree = SOURCE_ROOT; };
		320D5EBCA33717CE18A5A084 /* checked.h */ = {isa = PBXFileReference; explicitFileType = sourcecode.c.h; fileEncoding = 30; name = checked.h; path = ../../../addons/ofxUnicode/libs/utf8cpp/include/utf8/checked.h; sourceTree = SOURCE_ROOT; };
		45FD7CA9F83C2CD563A7A5F4 /* ofUTF8.cpp */ = {isa = PBXFileReference; explicitFileType = sourcecode.cpp.cpp; fileEncoding = 30; name = ofUTF8.cpp; path = ../../../addons/ofxUnicode/src/ofUTF8.cpp; sourceTree = SOURCE_ROOT; };
		60D80F2B6DD0B2BD8186BADD /* core.h */ = {isa = PBXFileReference; explicitFileType = sourcecode.c.h; fileEncoding = 30; name = core.h; path = ../../../addons/ofxUnicode/libs/utf8cpp/include/utf8/core.h; sourceTree = SOURCE_ROOT; };
		670A9BBF183A6D72005F1457 /* .gitignore */ = {isa = PBXFileReference; fileEncoding = 4; lastKnownFileType = text; path = .gitignore; sourceTree = "<group>"; };
		670A9BC4183A6D72005F1457 /* Syphon.framework */ = {isa = PBXFileReference; lastKnownFileType = wrapper.framework; path = Syphon.framework; sourceTree = "<group>"; };
		670A9BC6183A6D72005F1457 /* SyphonNameboundClient.h */ = {isa = PBXFileReference; fileEncoding = 4; lastKnownFileType = sourcecode.c.h; path = SyphonNameboundClient.h; sourceTree = "<group>"; };
		670A9BC7183A6D72005F1457 /* SyphonNameboundClient.m */ = {isa = PBXFileReference; fileEncoding = 4; lastKnownFileType = sourcecode.c.objc; path = SyphonNameboundClient.m; sourceTree = "<group>"; };
		670A9BC8183A6D72005F1457 /* README.md */ = {isa = PBXFileReference; fileEncoding = 4; lastKnownFileType = text; path = README.md; sourceTree = "<group>"; };
		670A9BCA183A6D72005F1457 /* ofxSyphon.h */ = {isa = PBXFileReference; fileEncoding = 4; lastKnownFileType = sourcecode.c.h; path = ofxSyphon.h; sourceTree = "<group>"; };
		670A9BCB183A6D72005F1457 /* ofxSyphonClient.h */ = {isa = PBXFileReference; fileEncoding = 4; lastKnownFileType = sourcecode.c.h; path = ofxSyphonClient.h; sourceTree = "<group>"; };
		670A9BCC183A6D72005F1457 /* ofxSyphonClient.mm */ = {isa = PBXFileReference; fileEncoding = 4; lastKnownFileType = sourcecode.cpp.objcpp; path = ofxSyphonClient.mm; sourceTree = "<group>"; };
		670A9BCD183A6D72005F1457 /* ofxSyphonServer.h */ = {isa = PBXFileReference; fileEncoding = 4; lastKnownFileType = sourcecode.c.h; path = ofxSyphonServer.h; sourceTree = "<group>"; };
		670A9BCE183A6D72005F1457 /* ofxSyphonServer.mm */ = {isa = PBXFileReference; fileEncoding = 4; lastKnownFileType = sourcecode.cpp.objcpp; path = ofxSyphonServer.mm; sourceTree = "<group>"; };
		670A9BCF183A6D72005F1457 /* ofxSyphonServerDirectory.h */ = {isa = PBXFileReference; fileEncoding = 4; lastKnownFileType = sourcecode.c.h; path = ofxSyphonServerDirectory.h; sourceTree = "<group>"; };
		670A9BD0183A6D72005F1457 /* ofxSyphonServerDirectory.mm */ = {isa = PBXFileReference; fileEncoding = 4; lastKnownFileType = sourcecode.cpp.objcpp; path = ofxSyphonServerDirectory.mm; sourceTree = "<group>"; };
		670A9BD7183A6E07005F1457 /* ACSentence.cpp */ = {isa = PBXFileReference; fileEncoding = 4; lastKnownFileType = sourcecode.cpp.cpp; path = ACSentence.cpp; sourceTree = "<group>"; };
		670A9BD8183A6E07005F1457 /* ACSentence.h */ = {isa = PBXFileReference; fileEncoding = 4; lastKnownFileType = sourcecode.c.h; path = ACSentence.h; sourceTree = "<group>"; };
		670A9BDB183A7F4D005F1457 /* ACUtil.cpp */ = {isa = PBXFileReference; fileEncoding = 4; lastKnownFileType = sourcecode.cpp.cpp; path = ACUtil.cpp; sourceTree = "<group>"; };
		670A9BDC183A7F4D005F1457 /* ACUtil.h */ = {isa = PBXFileReference; fileEncoding = 4; lastKnownFileType = sourcecode.c.h; path = ACUtil.h; sourceTree = "<group>"; };
		670A9BDE183A8606005F1457 /* ACSentenceManager.cpp */ = {isa = PBXFileReference; fileEncoding = 4; lastKnownFileType = sourcecode.cpp.cpp; path = ACSentenceManager.cpp; sourceTree = "<group>"; };
		670A9BDF183A8606005F1457 /* ACSentenceManager.h */ = {isa = PBXFileReference; fileEncoding = 4; lastKnownFileType = sourcecode.c.h; path = ACSentenceManager.h; sourceTree = "<group>"; };
		677DCDA0183A91B800B3943A /* IpEndpointName.cpp */ = {isa = PBXFileReference; fileEncoding = 4; lastKnownFileType = sourcecode.cpp.cpp; path = IpEndpointName.cpp; sourceTree = "<group>"; };
		677DCDA1183A91B800B3943A /* IpEndpointName.h */ = {isa = PBXFileReference; fileEncoding = 4; lastKnownFileType = sourcecode.c.h; path = IpEndpointName.h; sourceTree = "<group>"; };
		677DCDA2183A91B800B3943A /* NetworkingUtils.h */ = {isa = PBXFileReference; fileEncoding = 4; lastKnownFileType = sourcecode.c.h; path = NetworkingUtils.h; sourceTree = "<group>"; };
		677DCDA3183A91B800B3943A /* PacketListener.h */ = {isa = PBXFileReference; fileEncoding = 4; lastKnownFileType = sourcecode.c.h; path = PacketListener.h; sourceTree = "<group>"; };
		677DCDA5183A91B800B3943A /* NetworkingUtils.cpp */ = {isa = PBXFileReference; fileEncoding = 4; lastKnownFileType = sourcecode.cpp.cpp; path = NetworkingUtils.cpp; sourceTree = "<group>"; };
		677DCDA6183A91B800B3943A /* UdpSocket.cpp */ = {isa = PBXFileReference; fileEncoding = 4; lastKnownFileType = sourcecode.cpp.cpp; path = UdpSocket.cpp; sourceTree = "<group>"; };
		677DCDA7183A91B800B3943A /* TimerListener.h */ = {isa = PBXFileReference; fileEncoding = 4; lastKnownFileType = sourcecode.c.h; path = TimerListener.h; sourceTree = "<group>"; };
		677DCDA8183A91B800B3943A /* UdpSocket.h */ = {isa = PBXFileReference; fileEncoding = 4; lastKnownFileType = sourcecode.c.h; path = UdpSocket.h; sourceTree = "<group>"; };
		677DCDAA183A91B800B3943A /* NetworkingUtilsWin.cpp */ = {isa = PBXFileReference; fileEncoding = 4; lastKnownFileType = sourcecode.cpp.cpp; path = NetworkingUtilsWin.cpp; sourceTree = "<group>"; };
		677DCDAB183A91B800B3943A /* UdpSocketWin.cpp */ = {isa = PBXFileReference; fileEncoding = 4; lastKnownFileType = sourcecode.cpp.cpp; path = UdpSocketWin.cpp; sourceTree = "<group>"; };
		677DCDAD183A91B800B3943A /* MessageMappingOscPacketListener.h */ = {isa = PBXFileReference; fileEncoding = 4; lastKnownFileType = sourcecode.c.h; path = MessageMappingOscPacketListener.h; sourceTree = "<group>"; };
		677DCDAE183A91B800B3943A /* OscException.h */ = {isa = PBXFileReference; fileEncoding = 4; lastKnownFileType = sourcecode.c.h; path = OscException.h; sourceTree = "<group>"; };
		677DCDAF183A91B800B3943A /* OscHostEndianness.h */ = {isa = PBXFileReference; fileEncoding = 4; lastKnownFileType = sourcecode.c.h; path = OscHostEndianness.h; sourceTree = "<group>"; };
		677DCDB0183A91B800B3943A /* OscOutboundPacketStream.cpp */ = {isa = PBXFileReference; fileEncoding = 4; lastKnownFileType = sourcecode.cpp.cpp; path = OscOutboundPacketStream.cpp; sourceTree = "<group>"; };
		677DCDB1183A91B800B3943A /* OscOutboundPacketStream.h */ = {isa = PBXFileReference; fileEncoding = 4; lastKnownFileType = sourcecode.c.h; path = OscOutboundPacketStream.h; sourceTree = "<group>"; };
		677DCDB2183A91B800B3943A /* OscPacketListener.h */ = {isa = PBXFileReference; fileEncoding = 4; lastKnownFileType = sourcecode.c.h; path = OscPacketListener.h; sourceTree = "<group>"; };
		677DCDB3183A91B800B3943A /* OscPrintReceivedElements.cpp */ = {isa = PBXFileReference; fileEncoding = 4; lastKnownFileType = sourcecode.cpp.cpp; path = OscPrintReceivedElements.cpp; sourceTree = "<group>"; };
		677DCDB4183A91B800B3943A /* OscPrintReceivedElements.h */ = {isa = PBXFileReference; fileEncoding = 4; lastKnownFileType = sourcecode.c.h; path = OscPrintReceivedElements.h; sourceTree = "<group>"; };
		677DCDB5183A91B800B3943A /* OscReceivedElements.cpp */ = {isa = PBXFileReference; fileEncoding = 4; lastKnownFileType = sourcecode.cpp.cpp; path = OscReceivedElements.cpp; sourceTree = "<group>"; };
		677DCDB6183A91B800B3943A /* OscReceivedElements.h */ = {isa = PBXFileReference; fileEncoding = 4; lastKnownFileType = sourcecode.c.h; path = OscReceivedElements.h; sourceTree = "<group>"; };
		677DCDB7183A91B800B3943A /* OscTypes.cpp */ = {isa = PBXFileReference; fileEncoding = 4; lastKnownFileType = sourcecode.cpp.cpp; path = OscTypes.cpp; sourceTree = "<group>"; };
		677DCDB8183A91B800B3943A /* OscTypes.h */ = {isa = PBXFileReference; fileEncoding = 4; lastKnownFileType = sourcecode.c.h; path = OscTypes.h; sourceTree = "<group>"; };
		677DCDBA183A91B800B3943A /* ofxOsc.h */ = {isa = PBXFileReference; fileEncoding = 4; lastKnownFileType = sourcecode.c.h; path = ofxOsc.h; sourceTree = "<group>"; };
		677DCDBB183A91B800B3943A /* ofxOscArg.h */ = {isa = PBXFileReference; fileEncoding = 4; lastKnownFileType = sourcecode.c.h; path = ofxOscArg.h; sourceTree = "<group>"; };
		677DCDBC183A91B800B3943A /* ofxOscBundle.cpp */ = {isa = PBXFileReference; fileEncoding = 4; lastKnownFileType = sourcecode.cpp.cpp; path = ofxOscBundle.cpp; sourceTree = "<group>"; };
		677DCDBD183A91B800B3943A /* ofxOscBundle.h */ = {isa = PBXFileReference; fileEncoding = 4; lastKnownFileType = sourcecode.c.h; path = ofxOscBundle.h; sourceTree = "<group>"; };
		677DCDBE183A91B800B3943A /* ofxOscMessage.cpp */ = {isa = PBXFileReference; fileEncoding = 4; lastKnownFileType = sourcecode.cpp.cpp; path = ofxOscMessage.cpp; sourceTree = "<group>"; };
		677DCDBF183A91B800B3943A /* ofxOscMessage.h */ = {isa = PBXFileReference; fileEncoding = 4; lastKnownFileType = sourcecode.c.h; path = ofxOscMessage.h; sourceTree = "<group>"; };
		677DCDC0183A91B800B3943A /* ofxOscParameterSync.cpp */ = {isa = PBXFileReference; fileEncoding = 4; lastKnownFileType = sourcecode.cpp.cpp; path = ofxOscParameterSync.cpp; sourceTree = "<group>"; };
		677DCDC1183A91B800B3943A /* ofxOscParameterSync.h */ = {isa = PBXFileReference; fileEncoding = 4; lastKnownFileType = sourcecode.c.h; path = ofxOscParameterSync.h; sourceTree = "<group>"; };
		677DCDC2183A91B800B3943A /* ofxOscReceiver.cpp */ = {isa = PBXFileReference; fileEncoding = 4; lastKnownFileType = sourcecode.cpp.cpp; path = ofxOscReceiver.cpp; sourceTree = "<group>"; };
		677DCDC3183A91B800B3943A /* ofxOscReceiver.h */ = {isa = PBXFileReference; fileEncoding = 4; lastKnownFileType = sourcecode.c.h; path = ofxOscReceiver.h; sourceTree = "<group>"; };
		677DCDC4183A91B800B3943A /* ofxOscSender.cpp */ = {isa = PBXFileReference; fileEncoding = 4; lastKnownFileType = sourcecode.cpp.cpp; path = ofxOscSender.cpp; sourceTree = "<group>"; };
		677DCDC5183A91B800B3943A /* ofxOscSender.h */ = {isa = PBXFileReference; fileEncoding = 4; lastKnownFileType = sourcecode.c.h; path = ofxOscSender.h; sourceTree = "<group>"; };
		8BF1B7E7C1C21FE45AB73E04 /* ofTextConverter.cpp */ = {isa = PBXFileReference; explicitFileType = sourcecode.cpp.cpp; fileEncoding = 30; name = ofTextConverter.cpp; path = ../../../addons/ofxUnicode/src/ofTextConverter.cpp; sourceTree = SOURCE_ROOT; };
		973BD95D5ED93E71B227038E /* utf8.h */ = {isa = PBXFileReference; explicitFileType = sourcecode.c.h; fileEncoding = 30; name = utf8.h; path = ../../../addons/ofxUnicode/libs/utf8cpp/src/utf8_v2_3_1/source/utf8.h; sourceTree = SOURCE_ROOT; };
		9B3F7D0AAB9DF619553ADA1B /* fontstash.h */ = {isa = PBXFileReference; explicitFileType = sourcecode.c.h; fileEncoding = 30; name = fontstash.h; path = ../../../addons/ofxFontStash/libs/fontstash/src/fontstash.h; sourceTree = SOURCE_ROOT; };
		B2063844ABD06B3BCB1F23D5 /* ofUnicode.h */ = {isa = PBXFileReference; explicitFileType = sourcecode.c.h; fileEncoding = 30; name = ofUnicode.h; path = ../../../addons/ofxUnicode/src/ofUnicode.h; sourceTree = SOURCE_ROOT; };
		BBAB23BE13894E4700AA2426 /* GLUT.framework */ = {isa = PBXFileReference; lastKnownFileType = wrapper.framework; name = GLUT.framework; path = ../../../libs/glut/lib/osx/GLUT.framework; sourceTree = "<group>"; };
		BDA8CA36896AACFB09C55252 /* stb_truetype.h */ = {isa = PBXFileReference; explicitFileType = sourcecode.c.h; fileEncoding = 30; name = stb_truetype.h; path = ../../../addons/ofxFontStash/libs/fontstash/src/stb_truetype.h; sourceTree = SOURCE_ROOT; };
		BF3CACAAE84A581E4AFA9FA7 /* ofUnicode.cpp */ = {isa = PBXFileReference; explicitFileType = sourcecode.cpp.cpp; fileEncoding = 30; name = ofUnicode.cpp; path = ../../../addons/ofxUnicode/src/ofUnicode.cpp; sourceTree = SOURCE_ROOT; };
		D5AE78144E3980BD0B4445D7 /* fontstash.c */ = {isa = PBXFileReference; explicitFileType = sourcecode.c.c; fileEncoding = 30; name = fontstash.c; path = ../../../addons/ofxFontStash/libs/fontstash/src/fontstash.c; sourceTree = SOURCE_ROOT; };
		D8A535D3474A0EAB684CAC5D /* ofxFontStash.cpp */ = {isa = PBXFileReference; explicitFileType = sourcecode.cpp.cpp; fileEncoding = 30; name = ofxFontStash.cpp; path = ../../../addons/ofxFontStash/src/ofxFontStash.cpp; sourceTree = SOURCE_ROOT; };
		DC55FEC740DD28FBDD2D4406 /* stb_truetype.c */ = {isa = PBXFileReference; explicitFileType = sourcecode.c.c; fileEncoding = 30; name = stb_truetype.c; path = ../../../addons/ofxFontStash/libs/fontstash/src/stb_truetype.c; sourceTree = SOURCE_ROOT; };
		E4328143138ABC890047C5CB /* openFrameworksLib.xcodeproj */ = {isa = PBXFileReference; lastKnownFileType = "wrapper.pb-project"; name = openFrameworksLib.xcodeproj; path = ../../../libs/openFrameworksCompiled/project/osx/openFrameworksLib.xcodeproj; sourceTree = SOURCE_ROOT; };
		E45BE9710E8CC7DD009D7055 /* AGL.framework */ = {isa = PBXFileReference; lastKnownFileType = wrapper.framework; name = AGL.framework; path = /System/Library/Frameworks/AGL.framework; sourceTree = "<absolute>"; };
		E45BE9720E8CC7DD009D7055 /* ApplicationServices.framework */ = {isa = PBXFileReference; lastKnownFileType = wrapper.framework; name = ApplicationServices.framework; path = /System/Library/Frameworks/ApplicationServices.framework; sourceTree = "<absolute>"; };
		E45BE9730E8CC7DD009D7055 /* AudioToolbox.framework */ = {isa = PBXFileReference; lastKnownFileType = wrapper.framework; name = AudioToolbox.framework; path = /System/Library/Frameworks/AudioToolbox.framework; sourceTree = "<absolute>"; };
		E45BE9740E8CC7DD009D7055 /* Carbon.framework */ = {isa = PBXFileReference; lastKnownFileType = wrapper.framework; name = Carbon.framework; path = /System/Library/Frameworks/Carbon.framework; sourceTree = "<absolute>"; };
		E45BE9750E8CC7DD009D7055 /* CoreAudio.framework */ = {isa = PBXFileReference; lastKnownFileType = wrapper.framework; name = CoreAudio.framework; path = /System/Library/Frameworks/CoreAudio.framework; sourceTree = "<absolute>"; };
		E45BE9760E8CC7DD009D7055 /* CoreFoundation.framework */ = {isa = PBXFileReference; lastKnownFileType = wrapper.framework; name = CoreFoundation.framework; path = /System/Library/Frameworks/CoreFoundation.framework; sourceTree = "<absolute>"; };
		E45BE9770E8CC7DD009D7055 /* CoreServices.framework */ = {isa = PBXFileReference; lastKnownFileType = wrapper.framework; name = CoreServices.framework; path = /System/Library/Frameworks/CoreServices.framework; sourceTree = "<absolute>"; };
		E45BE9790E8CC7DD009D7055 /* OpenGL.framework */ = {isa = PBXFileReference; lastKnownFileType = wrapper.framework; name = OpenGL.framework; path = /System/Library/Frameworks/OpenGL.framework; sourceTree = "<absolute>"; };
		E45BE97A0E8CC7DD009D7055 /* QuickTime.framework */ = {isa = PBXFileReference; lastKnownFileType = wrapper.framework; name = QuickTime.framework; path = /System/Library/Frameworks/QuickTime.framework; sourceTree = "<absolute>"; };
		E4B69B5B0A3A1756003C02F2 /* FontReadViewTestDebug.app */ = {isa = PBXFileReference; explicitFileType = wrapper.application; includeInIndex = 0; path = FontReadViewTestDebug.app; sourceTree = BUILT_PRODUCTS_DIR; };
		E4B69E1D0A3A1BDC003C02F2 /* main.cpp */ = {isa = PBXFileReference; fileEncoding = 30; lastKnownFileType = sourcecode.cpp.cpp; name = main.cpp; path = src/main.cpp; sourceTree = SOURCE_ROOT; };
		E4B69E1E0A3A1BDC003C02F2 /* testApp.cpp */ = {isa = PBXFileReference; explicitFileType = sourcecode.cpp.cpp; fileEncoding = 4; name = testApp.cpp; path = src/testApp.cpp; sourceTree = SOURCE_ROOT; };
		E4B69E1F0A3A1BDC003C02F2 /* testApp.h */ = {isa = PBXFileReference; fileEncoding = 4; lastKnownFileType = sourcecode.c.h; name = testApp.h; path = src/testApp.h; sourceTree = SOURCE_ROOT; };
		E4B6FCAD0C3E899E008CF71C /* openFrameworks-Info.plist */ = {isa = PBXFileReference; fileEncoding = 30; lastKnownFileType = text.plist.xml; path = "openFrameworks-Info.plist"; sourceTree = "<group>"; };
		E4C2424410CC5A17004149E2 /* AppKit.framework */ = {isa = PBXFileReference; lastKnownFileType = wrapper.framework; name = AppKit.framework; path = /System/Library/Frameworks/AppKit.framework; sourceTree = "<absolute>"; };
		E4C2424510CC5A17004149E2 /* Cocoa.framework */ = {isa = PBXFileReference; lastKnownFileType = wrapper.framework; name = Cocoa.framework; path = /System/Library/Frameworks/Cocoa.framework; sourceTree = "<absolute>"; };
		E4C2424610CC5A17004149E2 /* IOKit.framework */ = {isa = PBXFileReference; lastKnownFileType = wrapper.framework; name = IOKit.framework; path = /System/Library/Frameworks/IOKit.framework; sourceTree = "<absolute>"; };
		E4EB691F138AFCF100A09F29 /* CoreOF.xcconfig */ = {isa = PBXFileReference; fileEncoding = 4; lastKnownFileType = text.xcconfig; name = CoreOF.xcconfig; path = ../../../libs/openFrameworksCompiled/project/osx/CoreOF.xcconfig; sourceTree = SOURCE_ROOT; };
		E4EB6923138AFD0F00A09F29 /* Project.xcconfig */ = {isa = PBXFileReference; fileEncoding = 4; lastKnownFileType = text.xcconfig; path = Project.xcconfig; sourceTree = "<group>"; };
		E7E077E415D3B63C0020DFD4 /* CoreVideo.framework */ = {isa = PBXFileReference; lastKnownFileType = wrapper.framework; name = CoreVideo.framework; path = /System/Library/Frameworks/CoreVideo.framework; sourceTree = "<absolute>"; };
		E7E077E715D3B6510020DFD4 /* QTKit.framework */ = {isa = PBXFileReference; lastKnownFileType = wrapper.framework; name = QTKit.framework; path = /System/Library/Frameworks/QTKit.framework; sourceTree = "<absolute>"; };
		E7F985F515E0DE99003869B5 /* Accelerate.framework */ = {isa = PBXFileReference; lastKnownFileType = wrapper.framework; name = Accelerate.framework; path = /System/Library/Frameworks/Accelerate.framework; sourceTree = "<absolute>"; };
		E8BFFBD7382B36DC6B6B876E /* utf8.h */ = {isa = PBXFileReference; explicitFileType = sourcecode.c.h; fileEncoding = 30; name = utf8.h; path = ../../../addons/ofxUnicode/libs/utf8cpp/include/utf8.h; sourceTree = SOURCE_ROOT; };
		F19A866A1838BE6600F0022F /* Instructions.txt */ = {isa = PBXFileReference; fileEncoding = 4; lastKnownFileType = text; path = Instructions.txt; sourceTree = "<group>"; };
		F19A866C1838BE6600F0022F /* ofxNetwork.h */ = {isa = PBXFileReference; fileEncoding = 4; lastKnownFileType = sourcecode.c.h; path = ofxNetwork.h; sourceTree = "<group>"; };
		F19A866D1838BE6600F0022F /* ofxNetworkUtils.h */ = {isa = PBXFileReference; fileEncoding = 4; lastKnownFileType = sourcecode.c.h; path = ofxNetworkUtils.h; sourceTree = "<group>"; };
		F19A866E1838BE6600F0022F /* ofxTCPClient.cpp */ = {isa = PBXFileReference; fileEncoding = 4; lastKnownFileType = sourcecode.cpp.cpp; path = ofxTCPClient.cpp; sourceTree = "<group>"; };
		F19A866F1838BE6600F0022F /* ofxTCPClient.h */ = {isa = PBXFileReference; fileEncoding = 4; lastKnownFileType = sourcecode.c.h; path = ofxTCPClient.h; sourceTree = "<group>"; };
		F19A86701838BE6600F0022F /* ofxTCPManager.cpp */ = {isa = PBXFileReference; fileEncoding = 4; lastKnownFileType = sourcecode.cpp.cpp; path = ofxTCPManager.cpp; sourceTree = "<group>"; };
		F19A86711838BE6600F0022F /* ofxTCPManager.h */ = {isa = PBXFileReference; fileEncoding = 4; lastKnownFileType = sourcecode.c.h; path = ofxTCPManager.h; sourceTree = "<group>"; };
		F19A86721838BE6600F0022F /* ofxTCPServer.cpp */ = {isa = PBXFileReference; fileEncoding = 4; lastKnownFileType = sourcecode.cpp.cpp; path = ofxTCPServer.cpp; sourceTree = "<group>"; };
		F19A86731838BE6600F0022F /* ofxTCPServer.h */ = {isa = PBXFileReference; fileEncoding = 4; lastKnownFileType = sourcecode.c.h; path = ofxTCPServer.h; sourceTree = "<group>"; };
		F19A86741838BE6600F0022F /* ofxUDPManager.cpp */ = {isa = PBXFileReference; fileEncoding = 4; lastKnownFileType = sourcecode.cpp.cpp; path = ofxUDPManager.cpp; sourceTree = "<group>"; };
		F19A86751838BE6600F0022F /* ofxUDPManager.h */ = {isa = PBXFileReference; fileEncoding = 4; lastKnownFileType = sourcecode.c.h; path = ofxUDPManager.h; sourceTree = "<group>"; };
/* End PBXFileReference section */

/* Begin PBXFrameworksBuildPhase section */
		E4B69B590A3A1756003C02F2 /* Frameworks */ = {
			isa = PBXFrameworksBuildPhase;
			buildActionMask = 2147483647;
			files = (
				E7F985F815E0DEA3003869B5 /* Accelerate.framework in Frameworks */,
				E7E077E815D3B6510020DFD4 /* QTKit.framework in Frameworks */,
				E4EB6799138ADC1D00A09F29 /* GLUT.framework in Frameworks */,
				E4328149138ABC9F0047C5CB /* openFrameworksDebug.a in Frameworks */,
				E45BE97B0E8CC7DD009D7055 /* AGL.framework in Frameworks */,
				E45BE97C0E8CC7DD009D7055 /* ApplicationServices.framework in Frameworks */,
				E45BE97D0E8CC7DD009D7055 /* AudioToolbox.framework in Frameworks */,
				E45BE97E0E8CC7DD009D7055 /* Carbon.framework in Frameworks */,
				E45BE97F0E8CC7DD009D7055 /* CoreAudio.framework in Frameworks */,
				E45BE9800E8CC7DD009D7055 /* CoreFoundation.framework in Frameworks */,
				E45BE9810E8CC7DD009D7055 /* CoreServices.framework in Frameworks */,
				E45BE9830E8CC7DD009D7055 /* OpenGL.framework in Frameworks */,
				E45BE9840E8CC7DD009D7055 /* QuickTime.framework in Frameworks */,
				E4C2424710CC5A17004149E2 /* AppKit.framework in Frameworks */,
				E4C2424810CC5A17004149E2 /* Cocoa.framework in Frameworks */,
				E4C2424910CC5A17004149E2 /* IOKit.framework in Frameworks */,
				E7E077E515D3B63C0020DFD4 /* CoreVideo.framework in Frameworks */,
				670A9BD1183A6D72005F1457 /* Syphon.framework in Frameworks */,
			);
			runOnlyForDeploymentPostprocessing = 0;
		};
/* End PBXFrameworksBuildPhase section */

/* Begin PBXGroup section */
		018A9CEA4D5B5F89F26EADEF /* utf8_v2_3_1 */ = {
			isa = PBXGroup;
			children = (
				D3193A84FE82591D4932AA98 /* source */,
			);
			name = utf8_v2_3_1;
			sourceTree = "<group>";
		};
		4C084EBF7CBFDB1868AFF470 /* src */ = {
			isa = PBXGroup;
			children = (
				D5AE78144E3980BD0B4445D7 /* fontstash.c */,
				9B3F7D0AAB9DF619553ADA1B /* fontstash.h */,
				DC55FEC740DD28FBDD2D4406 /* stb_truetype.c */,
				BDA8CA36896AACFB09C55252 /* stb_truetype.h */,
			);
			name = src;
			sourceTree = "<group>";
		};
		670A9BBE183A6D72005F1457 /* ofxSyphon */ = {
			isa = PBXGroup;
			children = (
				670A9BBF183A6D72005F1457 /* .gitignore */,
				670A9BC0183A6D72005F1457 /* libs */,
				670A9BC8183A6D72005F1457 /* README.md */,
				670A9BC9183A6D72005F1457 /* src */,
			);
			name = ofxSyphon;
			path = ../../../addons/ofxSyphon;
			sourceTree = "<group>";
		};
		670A9BC0183A6D72005F1457 /* libs */ = {
			isa = PBXGroup;
			children = (
				670A9BC1183A6D72005F1457 /* Syphon */,
			);
			path = libs;
			sourceTree = "<group>";
		};
		670A9BC1183A6D72005F1457 /* Syphon */ = {
			isa = PBXGroup;
			children = (
				670A9BC2183A6D72005F1457 /* lib */,
				670A9BC5183A6D72005F1457 /* src */,
			);
			path = Syphon;
			sourceTree = "<group>";
		};
		670A9BC2183A6D72005F1457 /* lib */ = {
			isa = PBXGroup;
			children = (
				670A9BC3183A6D72005F1457 /* osx */,
			);
			path = lib;
			sourceTree = "<group>";
		};
		670A9BC3183A6D72005F1457 /* osx */ = {
			isa = PBXGroup;
			children = (
				670A9BC4183A6D72005F1457 /* Syphon.framework */,
			);
			path = osx;
			sourceTree = "<group>";
		};
		670A9BC5183A6D72005F1457 /* src */ = {
			isa = PBXGroup;
			children = (
				670A9BC6183A6D72005F1457 /* SyphonNameboundClient.h */,
				670A9BC7183A6D72005F1457 /* SyphonNameboundClient.m */,
			);
			path = src;
			sourceTree = "<group>";
		};
		670A9BC9183A6D72005F1457 /* src */ = {
			isa = PBXGroup;
			children = (
				670A9BCA183A6D72005F1457 /* ofxSyphon.h */,
				670A9BCB183A6D72005F1457 /* ofxSyphonClient.h */,
				670A9BCC183A6D72005F1457 /* ofxSyphonClient.mm */,
				670A9BCD183A6D72005F1457 /* ofxSyphonServer.h */,
				670A9BCE183A6D72005F1457 /* ofxSyphonServer.mm */,
				670A9BCF183A6D72005F1457 /* ofxSyphonServerDirectory.h */,
				670A9BD0183A6D72005F1457 /* ofxSyphonServerDirectory.mm */,
			);
			path = src;
			sourceTree = "<group>";
		};
		677DCD9B183A91B800B3943A /* ofxOsc */ = {
			isa = PBXGroup;
			children = (
				677DCD9C183A91B800B3943A /* libs */,
				677DCDB9183A91B800B3943A /* src */,
			);
			name = ofxOsc;
			path = ../../../addons/ofxOsc;
			sourceTree = "<group>";
		};
		677DCD9C183A91B800B3943A /* libs */ = {
			isa = PBXGroup;
			children = (
				677DCD9D183A91B800B3943A /* oscpack */,
			);
			path = libs;
			sourceTree = "<group>";
		};
		677DCD9D183A91B800B3943A /* oscpack */ = {
			isa = PBXGroup;
			children = (
				677DCD9E183A91B800B3943A /* src */,
			);
			path = oscpack;
			sourceTree = "<group>";
		};
		677DCD9E183A91B800B3943A /* src */ = {
			isa = PBXGroup;
			children = (
				677DCD9F183A91B800B3943A /* ip */,
				677DCDAC183A91B800B3943A /* osc */,
			);
			path = src;
			sourceTree = "<group>";
		};
		677DCD9F183A91B800B3943A /* ip */ = {
			isa = PBXGroup;
			children = (
				677DCDA0183A91B800B3943A /* IpEndpointName.cpp */,
				677DCDA1183A91B800B3943A /* IpEndpointName.h */,
				677DCDA2183A91B800B3943A /* NetworkingUtils.h */,
				677DCDA3183A91B800B3943A /* PacketListener.h */,
				677DCDA4183A91B800B3943A /* posix */,
				677DCDA7183A91B800B3943A /* TimerListener.h */,
				677DCDA8183A91B800B3943A /* UdpSocket.h */,
				677DCDA9183A91B800B3943A /* win32 */,
			);
			path = ip;
			sourceTree = "<group>";
		};
		677DCDA4183A91B800B3943A /* posix */ = {
			isa = PBXGroup;
			children = (
				677DCDA5183A91B800B3943A /* NetworkingUtils.cpp */,
				677DCDA6183A91B800B3943A /* UdpSocket.cpp */,
			);
			path = posix;
			sourceTree = "<group>";
		};
		677DCDA9183A91B800B3943A /* win32 */ = {
			isa = PBXGroup;
			children = (
				677DCDAA183A91B800B3943A /* NetworkingUtilsWin.cpp */,
				677DCDAB183A91B800B3943A /* UdpSocketWin.cpp */,
			);
			path = win32;
			sourceTree = "<group>";
		};
		677DCDAC183A91B800B3943A /* osc */ = {
			isa = PBXGroup;
			children = (
				677DCDAD183A91B800B3943A /* MessageMappingOscPacketListener.h */,
				677DCDAE183A91B800B3943A /* OscException.h */,
				677DCDAF183A91B800B3943A /* OscHostEndianness.h */,
				677DCDB0183A91B800B3943A /* OscOutboundPacketStream.cpp */,
				677DCDB1183A91B800B3943A /* OscOutboundPacketStream.h */,
				677DCDB2183A91B800B3943A /* OscPacketListener.h */,
				677DCDB3183A91B800B3943A /* OscPrintReceivedElements.cpp */,
				677DCDB4183A91B800B3943A /* OscPrintReceivedElements.h */,
				677DCDB5183A91B800B3943A /* OscReceivedElements.cpp */,
				677DCDB6183A91B800B3943A /* OscReceivedElements.h */,
				677DCDB7183A91B800B3943A /* OscTypes.cpp */,
				677DCDB8183A91B800B3943A /* OscTypes.h */,
			);
			path = osc;
			sourceTree = "<group>";
		};
		677DCDB9183A91B800B3943A /* src */ = {
			isa = PBXGroup;
			children = (
				677DCDBA183A91B800B3943A /* ofxOsc.h */,
				677DCDBB183A91B800B3943A /* ofxOscArg.h */,
				677DCDBC183A91B800B3943A /* ofxOscBundle.cpp */,
				677DCDBD183A91B800B3943A /* ofxOscBundle.h */,
				677DCDBE183A91B800B3943A /* ofxOscMessage.cpp */,
				677DCDBF183A91B800B3943A /* ofxOscMessage.h */,
				677DCDC0183A91B800B3943A /* ofxOscParameterSync.cpp */,
				677DCDC1183A91B800B3943A /* ofxOscParameterSync.h */,
				677DCDC2183A91B800B3943A /* ofxOscReceiver.cpp */,
				677DCDC3183A91B800B3943A /* ofxOscReceiver.h */,
				677DCDC4183A91B800B3943A /* ofxOscSender.cpp */,
				677DCDC5183A91B800B3943A /* ofxOscSender.h */,
			);
			path = src;
			sourceTree = "<group>";
		};
		6AC1BBA537347FB96E2D8F8A /* libs */ = {
			isa = PBXGroup;
			children = (
				9CD605EBED2DB8D058CD1A29 /* utf8cpp */,
			);
			name = libs;
			sourceTree = "<group>";
		};
		6E3AE1A5F6F0D6F75C66C1CC /* utf8 */ = {
			isa = PBXGroup;
			children = (
				320D5EBCA33717CE18A5A084 /* checked.h */,
				60D80F2B6DD0B2BD8186BADD /* core.h */,
				0515C14AC6601810E14A06E9 /* unchecked.h */,
			);
			name = utf8;
			sourceTree = "<group>";
		};
		787C5E98195D5F7A798BEDA5 /* libs */ = {
			isa = PBXGroup;
			children = (
				A721EFB518B2BFE659AAD339 /* fontstash */,
			);
			name = libs;
			sourceTree = "<group>";
		};
		884658B2B75923C276F4F180 /* src */ = {
			isa = PBXGroup;
			children = (
				018A9CEA4D5B5F89F26EADEF /* utf8_v2_3_1 */,
			);
			name = src;
			sourceTree = "<group>";
		};
		9CD605EBED2DB8D058CD1A29 /* utf8cpp */ = {
			isa = PBXGroup;
			children = (
				E928C193989D93F56354A05C /* include */,
				884658B2B75923C276F4F180 /* src */,
			);
			name = utf8cpp;
			sourceTree = "<group>";
		};
		A721EFB518B2BFE659AAD339 /* fontstash */ = {
			isa = PBXGroup;
			children = (
				4C084EBF7CBFDB1868AFF470 /* src */,
			);
			name = fontstash;
			sourceTree = "<group>";
		};
		B55C940C88229BDF2174AE73 /* utf8 */ = {
			isa = PBXGroup;
			children = (
				26207A0EB54CBAAF59F96A82 /* checked.h */,
				11D8E2992E2E3FC07AE1D0E5 /* core.h */,
				2E0D84EF6FDDA146459B2400 /* unchecked.h */,
			);
			name = utf8;
			sourceTree = "<group>";
		};
		B7006DB7785B098B4504962B /* ofxFontStash */ = {
			isa = PBXGroup;
			children = (
				EE9FC485BA17E42108FEDBF5 /* src */,
				787C5E98195D5F7A798BEDA5 /* libs */,
			);
			name = ofxFontStash;
			sourceTree = "<group>";
		};
		BB4B014C10F69532006C3DED /* addons */ = {
			isa = PBXGroup;
			children = (
				677DCD9B183A91B800B3943A /* ofxOsc */,
				670A9BBE183A6D72005F1457 /* ofxSyphon */,
				F19A86681838BE6600F0022F /* ofxNetwork */,
				B7006DB7785B098B4504962B /* ofxFontStash */,
				DC83E36DCD9D09FB0842EE71 /* ofxUnicode */,
			);
			name = addons;
			sourceTree = "<group>";
		};
		BBAB23C913894ECA00AA2426 /* system frameworks */ = {
			isa = PBXGroup;
			children = (
				E7F985F515E0DE99003869B5 /* Accelerate.framework */,
				E4C2424410CC5A17004149E2 /* AppKit.framework */,
				E4C2424510CC5A17004149E2 /* Cocoa.framework */,
				E4C2424610CC5A17004149E2 /* IOKit.framework */,
				E45BE9710E8CC7DD009D7055 /* AGL.framework */,
				E45BE9720E8CC7DD009D7055 /* ApplicationServices.framework */,
				E45BE9730E8CC7DD009D7055 /* AudioToolbox.framework */,
				E45BE9740E8CC7DD009D7055 /* Carbon.framework */,
				E45BE9750E8CC7DD009D7055 /* CoreAudio.framework */,
				E45BE9760E8CC7DD009D7055 /* CoreFoundation.framework */,
				E45BE9770E8CC7DD009D7055 /* CoreServices.framework */,
				E45BE9790E8CC7DD009D7055 /* OpenGL.framework */,
				E45BE97A0E8CC7DD009D7055 /* QuickTime.framework */,
				E7E077E415D3B63C0020DFD4 /* CoreVideo.framework */,
				E7E077E715D3B6510020DFD4 /* QTKit.framework */,
			);
			name = "system frameworks";
			sourceTree = "<group>";
		};
		BBAB23CA13894EDB00AA2426 /* 3rd party frameworks */ = {
			isa = PBXGroup;
			children = (
				BBAB23BE13894E4700AA2426 /* GLUT.framework */,
			);
			name = "3rd party frameworks";
			sourceTree = "<group>";
		};
		D3193A84FE82591D4932AA98 /* source */ = {
			isa = PBXGroup;
			children = (
				B55C940C88229BDF2174AE73 /* utf8 */,
				973BD95D5ED93E71B227038E /* utf8.h */,
			);
			name = source;
			sourceTree = "<group>";
		};
		DC83E36DCD9D09FB0842EE71 /* ofxUnicode */ = {
			isa = PBXGroup;
			children = (
				EDB6E66F21E3A65060CA0833 /* src */,
				6AC1BBA537347FB96E2D8F8A /* libs */,
			);
			name = ofxUnicode;
			sourceTree = "<group>";
		};
		E4328144138ABC890047C5CB /* Products */ = {
			isa = PBXGroup;
			children = (
				E4328148138ABC890047C5CB /* openFrameworksDebug.a */,
			);
			name = Products;
			sourceTree = "<group>";
		};
		E45BE5980E8CC70C009D7055 /* frameworks */ = {
			isa = PBXGroup;
			children = (
				BBAB23CA13894EDB00AA2426 /* 3rd party frameworks */,
				BBAB23C913894ECA00AA2426 /* system frameworks */,
			);
			name = frameworks;
			sourceTree = "<group>";
		};
		E4B69B4A0A3A1720003C02F2 = {
			isa = PBXGroup;
			children = (
				E4B6FCAD0C3E899E008CF71C /* openFrameworks-Info.plist */,
				E4EB6923138AFD0F00A09F29 /* Project.xcconfig */,
				E4B69E1C0A3A1BDC003C02F2 /* src */,
				E4EEC9E9138DF44700A80321 /* openFrameworks */,
				BB4B014C10F69532006C3DED /* addons */,
				E45BE5980E8CC70C009D7055 /* frameworks */,
				E4B69B5B0A3A1756003C02F2 /* FontReadViewTestDebug.app */,
			);
			sourceTree = "<group>";
		};
		E4B69E1C0A3A1BDC003C02F2 /* src */ = {
			isa = PBXGroup;
			children = (
				E4B69E1D0A3A1BDC003C02F2 /* main.cpp */,
				E4B69E1E0A3A1BDC003C02F2 /* testApp.cpp */,
				E4B69E1F0A3A1BDC003C02F2 /* testApp.h */,
				670A9BD7183A6E07005F1457 /* ACSentence.cpp */,
				670A9BD8183A6E07005F1457 /* ACSentence.h */,
				670A9BDB183A7F4D005F1457 /* ACUtil.cpp */,
				670A9BDC183A7F4D005F1457 /* ACUtil.h */,
				670A9BDE183A8606005F1457 /* ACSentenceManager.cpp */,
				670A9BDF183A8606005F1457 /* ACSentenceManager.h */,
			);
			path = src;
			sourceTree = SOURCE_ROOT;
		};
		E4EEC9E9138DF44700A80321 /* openFrameworks */ = {
			isa = PBXGroup;
			children = (
				E4EB691F138AFCF100A09F29 /* CoreOF.xcconfig */,
				E4328143138ABC890047C5CB /* openFrameworksLib.xcodeproj */,
			);
			name = openFrameworks;
			sourceTree = "<group>";
		};
		E928C193989D93F56354A05C /* include */ = {
			isa = PBXGroup;
			children = (
				6E3AE1A5F6F0D6F75C66C1CC /* utf8 */,
				E8BFFBD7382B36DC6B6B876E /* utf8.h */,
			);
			name = include;
			sourceTree = "<group>";
		};
		EDB6E66F21E3A65060CA0833 /* src */ = {
			isa = PBXGroup;
			children = (
				8BF1B7E7C1C21FE45AB73E04 /* ofTextConverter.cpp */,
				2A290CAAF51BCF4C00277C55 /* ofTextConverter.h */,
				BF3CACAAE84A581E4AFA9FA7 /* ofUnicode.cpp */,
				B2063844ABD06B3BCB1F23D5 /* ofUnicode.h */,
				45FD7CA9F83C2CD563A7A5F4 /* ofUTF8.cpp */,
				1EE77CC72B6BF6921CD961C9 /* ofUTF8.h */,
			);
			name = src;
			sourceTree = "<group>";
		};
		EE9FC485BA17E42108FEDBF5 /* src */ = {
			isa = PBXGroup;
			children = (
				D8A535D3474A0EAB684CAC5D /* ofxFontStash.cpp */,
				093C39E85E4407D3C432539E /* ofxFontStash.h */,
			);
			name = src;
			sourceTree = "<group>";
		};
		F19A86681838BE6600F0022F /* ofxNetwork */ = {
			isa = PBXGroup;
			children = (
				F19A86691838BE6600F0022F /* docs */,
				F19A866B1838BE6600F0022F /* src */,
			);
			name = ofxNetwork;
			path = ../../../addons/ofxNetwork;
			sourceTree = "<group>";
		};
		F19A86691838BE6600F0022F /* docs */ = {
			isa = PBXGroup;
			children = (
				F19A866A1838BE6600F0022F /* Instructions.txt */,
			);
			path = docs;
			sourceTree = "<group>";
		};
		F19A866B1838BE6600F0022F /* src */ = {
			isa = PBXGroup;
			children = (
				F19A866C1838BE6600F0022F /* ofxNetwork.h */,
				F19A866D1838BE6600F0022F /* ofxNetworkUtils.h */,
				F19A866E1838BE6600F0022F /* ofxTCPClient.cpp */,
				F19A866F1838BE6600F0022F /* ofxTCPClient.h */,
				F19A86701838BE6600F0022F /* ofxTCPManager.cpp */,
				F19A86711838BE6600F0022F /* ofxTCPManager.h */,
				F19A86721838BE6600F0022F /* ofxTCPServer.cpp */,
				F19A86731838BE6600F0022F /* ofxTCPServer.h */,
				F19A86741838BE6600F0022F /* ofxUDPManager.cpp */,
				F19A86751838BE6600F0022F /* ofxUDPManager.h */,
			);
			path = src;
			sourceTree = "<group>";
		};
/* End PBXGroup section */

/* Begin PBXNativeTarget section */
		E4B69B5A0A3A1756003C02F2 /* FontReadViewTest */ = {
			isa = PBXNativeTarget;
			buildConfigurationList = E4B69B5F0A3A1757003C02F2 /* Build configuration list for PBXNativeTarget "FontReadViewTest" */;
			buildPhases = (
				E4B69B580A3A1756003C02F2 /* Sources */,
				E4B69B590A3A1756003C02F2 /* Frameworks */,
				E4B6FFFD0C3F9AB9008CF71C /* ShellScript */,
				E4C2427710CC5ABF004149E2 /* CopyFiles */,
			);
			buildRules = (
			);
			dependencies = (
				E4EEB9AC138B136A00A80321 /* PBXTargetDependency */,
			);
			name = FontReadViewTest;
			productName = myOFApp;
			productReference = E4B69B5B0A3A1756003C02F2 /* FontReadViewTestDebug.app */;
			productType = "com.apple.product-type.application";
		};
/* End PBXNativeTarget section */

/* Begin PBXProject section */
		E4B69B4C0A3A1720003C02F2 /* Project object */ = {
			isa = PBXProject;
			attributes = {
				LastUpgradeCheck = 0460;
			};
			buildConfigurationList = E4B69B4D0A3A1720003C02F2 /* Build configuration list for PBXProject "FontReadViewTest" */;
			compatibilityVersion = "Xcode 3.2";
			developmentRegion = English;
			hasScannedForEncodings = 0;
			knownRegions = (
				English,
				Japanese,
				French,
				German,
			);
			mainGroup = E4B69B4A0A3A1720003C02F2;
			productRefGroup = E4B69B4A0A3A1720003C02F2;
			projectDirPath = "";
			projectReferences = (
				{
					ProductGroup = E4328144138ABC890047C5CB /* Products */;
					ProjectRef = E4328143138ABC890047C5CB /* openFrameworksLib.xcodeproj */;
				},
			);
			projectRoot = "";
			targets = (
				E4B69B5A0A3A1756003C02F2 /* FontReadViewTest */,
			);
		};
/* End PBXProject section */

/* Begin PBXReferenceProxy section */
		E4328148138ABC890047C5CB /* openFrameworksDebug.a */ = {
			isa = PBXReferenceProxy;
			fileType = archive.ar;
			path = openFrameworksDebug.a;
			remoteRef = E4328147138ABC890047C5CB /* PBXContainerItemProxy */;
			sourceTree = BUILT_PRODUCTS_DIR;
		};
/* End PBXReferenceProxy section */

/* Begin PBXShellScriptBuildPhase section */
		E4B6FFFD0C3F9AB9008CF71C /* ShellScript */ = {
			isa = PBXShellScriptBuildPhase;
			buildActionMask = 2147483647;
			files = (
			);
			inputPaths = (
			);
			outputPaths = (
			);
			runOnlyForDeploymentPostprocessing = 0;
			shellPath = /bin/sh;
			shellScript = "cp -f ../../../libs/fmodex/lib/osx/libfmodex.dylib \"$TARGET_BUILD_DIR/$PRODUCT_NAME.app/Contents/MacOS/libfmodex.dylib\"; install_name_tool -change ./libfmodex.dylib @executable_path/libfmodex.dylib \"$TARGET_BUILD_DIR/$PRODUCT_NAME.app/Contents/MacOS/$PRODUCT_NAME\";\nmkdir -p \"$TARGET_BUILD_DIR/$PRODUCT_NAME.app/Contents/Resources/\"\ncp -f \"$ICON_FILE\" \"$TARGET_BUILD_DIR/$PRODUCT_NAME.app/Contents/Resources/\"\n";
		};
/* End PBXShellScriptBuildPhase section */

/* Begin PBXSourcesBuildPhase section */
		E4B69B580A3A1756003C02F2 /* Sources */ = {
			isa = PBXSourcesBuildPhase;
			buildActionMask = 2147483647;
			files = (
				E4B69E200A3A1BDC003C02F2 /* main.cpp in Sources */,
				F19A86771838BE6600F0022F /* ofxTCPManager.cpp in Sources */,
				E4B69E210A3A1BDC003C02F2 /* testApp.cpp in Sources */,
				F19A86791838BE6600F0022F /* ofxUDPManager.cpp in Sources */,
				7B388D550037229D99E7F52A /* ofxFontStash.cpp in Sources */,
				801397981E78A4CBDE809376 /* fontstash.c in Sources */,
				522FFFB6EB3DA57CCB07EF9A /* stb_truetype.c in Sources */,
				B0F2688D773B5C8FB13237F8 /* ofTextConverter.cpp in Sources */,
				5A479B04DF062DE7431FD3BF /* ofUnicode.cpp in Sources */,
				AD7CCE180C5BEF646A1B62E1 /* ofUTF8.cpp in Sources */,
				F19A86761838BE6600F0022F /* ofxTCPClient.cpp in Sources */,
				F19A86781838BE6600F0022F /* ofxTCPServer.cpp in Sources */,
				670A9BD2183A6D72005F1457 /* SyphonNameboundClient.m in Sources */,
				670A9BD3183A6D72005F1457 /* ofxSyphonClient.mm in Sources */,
				670A9BD4183A6D72005F1457 /* ofxSyphonServer.mm in Sources */,
				670A9BD5183A6D72005F1457 /* ofxSyphonServerDirectory.mm in Sources */,
				670A9BD9183A6E07005F1457 /* ACSentence.cpp in Sources */,
				670A9BDD183A7F4D005F1457 /* ACUtil.cpp in Sources */,
				670A9BE0183A8606005F1457 /* ACSentenceManager.cpp in Sources */,
				677DCDC6183A91B800B3943A /* IpEndpointName.cpp in Sources */,
				677DCDC7183A91B800B3943A /* NetworkingUtils.cpp in Sources */,
				677DCDC8183A91B800B3943A /* UdpSocket.cpp in Sources */,
				677DCDC9183A91B800B3943A /* NetworkingUtilsWin.cpp in Sources */,
				677DCDCA183A91B800B3943A /* UdpSocketWin.cpp in Sources */,
				677DCDCB183A91B800B3943A /* OscOutboundPacketStream.cpp in Sources */,
				677DCDCC183A91B800B3943A /* OscPrintReceivedElements.cpp in Sources */,
				677DCDCD183A91B800B3943A /* OscReceivedElements.cpp in Sources */,
				677DCDCE183A91B800B3943A /* OscTypes.cpp in Sources */,
				677DCDCF183A91B800B3943A /* ofxOscBundle.cpp in Sources */,
				677DCDD0183A91B800B3943A /* ofxOscMessage.cpp in Sources */,
				677DCDD1183A91B800B3943A /* ofxOscParameterSync.cpp in Sources */,
				677DCDD2183A91B800B3943A /* ofxOscReceiver.cpp in Sources */,
				677DCDD3183A91B800B3943A /* ofxOscSender.cpp in Sources */,
			);
			runOnlyForDeploymentPostprocessing = 0;
		};
/* End PBXSourcesBuildPhase section */

/* Begin PBXTargetDependency section */
		E4EEB9AC138B136A00A80321 /* PBXTargetDependency */ = {
			isa = PBXTargetDependency;
			name = openFrameworks;
			targetProxy = E4EEB9AB138B136A00A80321 /* PBXContainerItemProxy */;
		};
/* End PBXTargetDependency section */

/* Begin XCBuildConfiguration section */
		E4B69B4E0A3A1720003C02F2 /* Debug */ = {
			isa = XCBuildConfiguration;
			baseConfigurationReference = E4EB6923138AFD0F00A09F29 /* Project.xcconfig */;
			buildSettings = {
				ARCHS = "$(NATIVE_ARCH)";
				CONFIGURATION_BUILD_DIR = "$(SRCROOT)/bin/";
				COPY_PHASE_STRIP = NO;
				DEAD_CODE_STRIPPING = YES;
				GCC_AUTO_VECTORIZATION = YES;
				GCC_ENABLE_SSE3_EXTENSIONS = YES;
				GCC_ENABLE_SUPPLEMENTAL_SSE3_INSTRUCTIONS = YES;
				GCC_INLINES_ARE_PRIVATE_EXTERN = NO;
				GCC_OPTIMIZATION_LEVEL = 0;
				GCC_SYMBOLS_PRIVATE_EXTERN = NO;
				GCC_WARN_ABOUT_DEPRECATED_FUNCTIONS = YES;
				GCC_WARN_ABOUT_INVALID_OFFSETOF_MACRO = NO;
				GCC_WARN_ALLOW_INCOMPLETE_PROTOCOL = NO;
				GCC_WARN_UNINITIALIZED_AUTOS = NO;
				GCC_WARN_UNUSED_VALUE = NO;
				GCC_WARN_UNUSED_VARIABLE = NO;
				HEADER_SEARCH_PATHS = (
					"$(OF_CORE_HEADERS)",
					../../../addons/ofxFontStash/libs,
					../../../addons/ofxFontStash/libs/fontstash,
					../../../addons/ofxFontStash/libs/fontstash/src,
					../../../addons/ofxFontStash/src,
					../../../addons/ofxUnicode/libs,
					../../../addons/ofxUnicode/libs/utf8cpp,
					../../../addons/ofxUnicode/libs/utf8cpp/include,
					../../../addons/ofxUnicode/libs/utf8cpp/include/utf8,
					../../../addons/ofxUnicode/libs/utf8cpp/src,
					../../../addons/ofxUnicode/libs/utf8cpp/src/utf8_v2_3_1,
					../../../addons/ofxUnicode/libs/utf8cpp/src/utf8_v2_3_1/doc,
					../../../addons/ofxUnicode/libs/utf8cpp/src/utf8_v2_3_1/source,
					../../../addons/ofxUnicode/libs/utf8cpp/src/utf8_v2_3_1/source/utf8,
					../../../addons/ofxUnicode/src,
				);
				MACOSX_DEPLOYMENT_TARGET = 10.6;
				OTHER_CPLUSPLUSFLAGS = (
					"-D__MACOSX_CORE__",
					"-lpthread",
					"-mtune=native",
				);
				SDKROOT = macosx10.7;
			};
			name = Debug;
		};
		E4B69B4F0A3A1720003C02F2 /* Release */ = {
			isa = XCBuildConfiguration;
			baseConfigurationReference = E4EB6923138AFD0F00A09F29 /* Project.xcconfig */;
			buildSettings = {
				ARCHS = "$(NATIVE_ARCH)";
				CONFIGURATION_BUILD_DIR = "$(SRCROOT)/bin/";
				COPY_PHASE_STRIP = YES;
				DEAD_CODE_STRIPPING = YES;
				GCC_AUTO_VECTORIZATION = YES;
				GCC_ENABLE_SSE3_EXTENSIONS = YES;
				GCC_ENABLE_SUPPLEMENTAL_SSE3_INSTRUCTIONS = YES;
				GCC_INLINES_ARE_PRIVATE_EXTERN = NO;
				GCC_OPTIMIZATION_LEVEL = 3;
				GCC_SYMBOLS_PRIVATE_EXTERN = NO;
				GCC_UNROLL_LOOPS = YES;
				GCC_WARN_ABOUT_DEPRECATED_FUNCTIONS = YES;
				GCC_WARN_ABOUT_INVALID_OFFSETOF_MACRO = NO;
				GCC_WARN_ALLOW_INCOMPLETE_PROTOCOL = NO;
				GCC_WARN_UNINITIALIZED_AUTOS = NO;
				GCC_WARN_UNUSED_VALUE = NO;
				GCC_WARN_UNUSED_VARIABLE = NO;
				HEADER_SEARCH_PATHS = (
					"$(OF_CORE_HEADERS)",
					../../../addons/ofxFontStash/libs,
					../../../addons/ofxFontStash/libs/fontstash,
					../../../addons/ofxFontStash/libs/fontstash/src,
					../../../addons/ofxFontStash/src,
					../../../addons/ofxUnicode/libs,
					../../../addons/ofxUnicode/libs/utf8cpp,
					../../../addons/ofxUnicode/libs/utf8cpp/include,
					../../../addons/ofxUnicode/libs/utf8cpp/include/utf8,
					../../../addons/ofxUnicode/libs/utf8cpp/src,
					../../../addons/ofxUnicode/libs/utf8cpp/src/utf8_v2_3_1,
					../../../addons/ofxUnicode/libs/utf8cpp/src/utf8_v2_3_1/doc,
					../../../addons/ofxUnicode/libs/utf8cpp/src/utf8_v2_3_1/source,
					../../../addons/ofxUnicode/libs/utf8cpp/src/utf8_v2_3_1/source/utf8,
					../../../addons/ofxUnicode/src,
				);
				MACOSX_DEPLOYMENT_TARGET = 10.6;
				OTHER_CPLUSPLUSFLAGS = (
					"-D__MACOSX_CORE__",
					"-lpthread",
					"-mtune=native",
				);
				SDKROOT = macosx10.7;
			};
			name = Release;
		};
		E4B69B600A3A1757003C02F2 /* Debug */ = {
			isa = XCBuildConfiguration;
			buildSettings = {
				COMBINE_HIDPI_IMAGES = YES;
				COPY_PHASE_STRIP = NO;
				FRAMEWORK_SEARCH_PATHS = (
					"$(inherited)",
					"$(FRAMEWORK_SEARCH_PATHS_QUOTED_FOR_TARGET_1)",
					/Users/hojunsong/Desktop/of_v0.8.0_osx_release/addons/ofxSyphon/libs/Syphon/lib/osx,
					"\"$(SRCROOT)/../../../addons/ofxSyphon/libs/Syphon/lib/osx\"",
				);
				FRAMEWORK_SEARCH_PATHS_QUOTED_FOR_TARGET_1 = "\"$(SRCROOT)/../../../libs/glut/lib/osx\"";
				GCC_DYNAMIC_NO_PIC = NO;
				GCC_GENERATE_DEBUGGING_SYMBOLS = YES;
				GCC_MODEL_TUNING = NONE;
				HEADER_SEARCH_PATHS = (
					"$(OF_CORE_HEADERS)",
					../../../addons/ofxFontStash/libs,
					../../../addons/ofxFontStash/libs/fontstash,
					../../../addons/ofxFontStash/libs/fontstash/src,
					../../../addons/ofxFontStash/src,
					../../../addons/ofxUnicode/libs,
					../../../addons/ofxUnicode/libs/utf8cpp,
					../../../addons/ofxUnicode/libs/utf8cpp/include,
					../../../addons/ofxUnicode/libs/utf8cpp/include/utf8,
					../../../addons/ofxUnicode/libs/utf8cpp/src,
					../../../addons/ofxUnicode/libs/utf8cpp/src/utf8_v2_3_1,
					../../../addons/ofxUnicode/libs/utf8cpp/src/utf8_v2_3_1/doc,
					../../../addons/ofxUnicode/libs/utf8cpp/src/utf8_v2_3_1/source,
					../../../addons/ofxUnicode/libs/utf8cpp/src/utf8_v2_3_1/source/utf8,
					../../../addons/ofxUnicode/src,
					../../../addons/ofxOsc/libs,
					../../../addons/ofxOsc/libs/oscpack,
					../../../addons/ofxOsc/libs/oscpack/src,
					../../../addons/ofxOsc/libs/oscpack/src/ip,
					../../../addons/ofxOsc/libs/oscpack/src/ip/posix,
					../../../addons/ofxOsc/libs/oscpack/src/ip/win32,
					../../../addons/ofxOsc/libs/oscpack/src/osc,
					../../../addons/ofxOsc/src,
				);
				ICON = "$(ICON_NAME_DEBUG)";
				ICON_FILE = "$(ICON_FILE_PATH)$(ICON)";
				INFOPLIST_FILE = "openFrameworks-Info.plist";
				INSTALL_PATH = "$(HOME)/Applications";
				LIBRARY_SEARCH_PATHS = (
					"$(inherited)",
					"$(LIBRARY_SEARCH_PATHS_QUOTED_FOR_TARGET_1)",
					"$(LIBRARY_SEARCH_PATHS_QUOTED_FOR_TARGET_2)",
					"$(LIBRARY_SEARCH_PATHS_QUOTED_FOR_TARGET_3)",
					"$(LIBRARY_SEARCH_PATHS_QUOTED_FOR_TARGET_4)",
					"$(LIBRARY_SEARCH_PATHS_QUOTED_FOR_TARGET_5)",
					"$(LIBRARY_SEARCH_PATHS_QUOTED_FOR_TARGET_6)",
					"$(LIBRARY_SEARCH_PATHS_QUOTED_FOR_TARGET_7)",
					"$(LIBRARY_SEARCH_PATHS_QUOTED_FOR_TARGET_8)",
					"$(LIBRARY_SEARCH_PATHS_QUOTED_FOR_TARGET_9)",
					"$(LIBRARY_SEARCH_PATHS_QUOTED_FOR_TARGET_10)",
					"$(LIBRARY_SEARCH_PATHS_QUOTED_FOR_TARGET_11)",
					"$(LIBRARY_SEARCH_PATHS_QUOTED_FOR_TARGET_12)",
					"$(LIBRARY_SEARCH_PATHS_QUOTED_FOR_TARGET_13)",
					"$(LIBRARY_SEARCH_PATHS_QUOTED_FOR_TARGET_14)",
					"$(LIBRARY_SEARCH_PATHS_QUOTED_FOR_TARGET_15)",
					"$(LIBRARY_SEARCH_PATHS_QUOTED_FOR_TARGET_2)",
					"$(LIBRARY_SEARCH_PATHS_QUOTED_FOR_TARGET_3)",
					"$(LIBRARY_SEARCH_PATHS_QUOTED_FOR_TARGET_7)",
					"$(LIBRARY_SEARCH_PATHS_QUOTED_FOR_TARGET_8)",
					"$(LIBRARY_SEARCH_PATHS_QUOTED_FOR_TARGET_9)",
					"$(LIBRARY_SEARCH_PATHS_QUOTED_FOR_TARGET_10)",
					"$(LIBRARY_SEARCH_PATHS_QUOTED_FOR_TARGET_11)",
					"$(LIBRARY_SEARCH_PATHS_QUOTED_FOR_TARGET_12)",
					"$(LIBRARY_SEARCH_PATHS_QUOTED_FOR_TARGET_13)",
					"$(LIBRARY_SEARCH_PATHS_QUOTED_FOR_TARGET_16)",
					"$(LIBRARY_SEARCH_PATHS_QUOTED_FOR_TARGET_17)",
					"$(LIBRARY_SEARCH_PATHS_QUOTED_FOR_TARGET_18)",
					"$(LIBRARY_SEARCH_PATHS_QUOTED_FOR_TARGET_19)",
					"$(LIBRARY_SEARCH_PATHS_QUOTED_FOR_TARGET_20)",
					"$(LIBRARY_SEARCH_PATHS_QUOTED_FOR_TARGET_21)",
					"$(LIBRARY_SEARCH_PATHS_QUOTED_FOR_TARGET_22)",
					"$(LIBRARY_SEARCH_PATHS_QUOTED_FOR_TARGET_23)",
					"$(LIBRARY_SEARCH_PATHS_QUOTED_FOR_TARGET_24)",
					"$(LIBRARY_SEARCH_PATHS_QUOTED_FOR_TARGET_25)",
					"$(LIBRARY_SEARCH_PATHS_QUOTED_FOR_TARGET_26)",
					"$(LIBRARY_SEARCH_PATHS_QUOTED_FOR_TARGET_27)",
					"$(LIBRARY_SEARCH_PATHS_QUOTED_FOR_TARGET_28)",
					"$(LIBRARY_SEARCH_PATHS_QUOTED_FOR_TARGET_29)",
					"$(LIBRARY_SEARCH_PATHS_QUOTED_FOR_TARGET_30)",
					"$(LIBRARY_SEARCH_PATHS_QUOTED_FOR_TARGET_31)",
					"$(LIBRARY_SEARCH_PATHS_QUOTED_FOR_TARGET_32)",
					"$(LIBRARY_SEARCH_PATHS_QUOTED_FOR_TARGET_33)",
					"$(LIBRARY_SEARCH_PATHS_QUOTED_FOR_TARGET_34)",
					"$(LIBRARY_SEARCH_PATHS_QUOTED_FOR_TARGET_35)",
					"$(LIBRARY_SEARCH_PATHS_QUOTED_FOR_TARGET_36)",
					"$(LIBRARY_SEARCH_PATHS_QUOTED_FOR_TARGET_37)",
					"$(LIBRARY_SEARCH_PATHS_QUOTED_FOR_TARGET_38)",
					"$(LIBRARY_SEARCH_PATHS_QUOTED_FOR_TARGET_39)",
					"$(LIBRARY_SEARCH_PATHS_QUOTED_FOR_TARGET_40)",
					"$(LIBRARY_SEARCH_PATHS_QUOTED_FOR_TARGET_41)",
					"$(LIBRARY_SEARCH_PATHS_QUOTED_FOR_TARGET_42)",
					"$(LIBRARY_SEARCH_PATHS_QUOTED_FOR_TARGET_43)",
					"$(LIBRARY_SEARCH_PATHS_QUOTED_FOR_TARGET_44)",
					"$(LIBRARY_SEARCH_PATHS_QUOTED_FOR_TARGET_45)",
					"$(LIBRARY_SEARCH_PATHS_QUOTED_FOR_TARGET_46)",
					"$(LIBRARY_SEARCH_PATHS_QUOTED_FOR_TARGET_47)",
					"$(LIBRARY_SEARCH_PATHS_QUOTED_FOR_TARGET_48)",
					"$(LIBRARY_SEARCH_PATHS_QUOTED_FOR_TARGET_49)",
					"$(LIBRARY_SEARCH_PATHS_QUOTED_FOR_TARGET_50)",
					"$(LIBRARY_SEARCH_PATHS_QUOTED_FOR_TARGET_51)",
					"$(LIBRARY_SEARCH_PATHS_QUOTED_FOR_TARGET_52)",
				);
				PRODUCT_NAME = "$(TARGET_NAME)Debug";
				SDKROOT = macosx10.7;
				WRAPPER_EXTENSION = app;
			};
			name = Debug;
		};
		E4B69B610A3A1757003C02F2 /* Release */ = {
			isa = XCBuildConfiguration;
			buildSettings = {
				COMBINE_HIDPI_IMAGES = YES;
				COPY_PHASE_STRIP = YES;
				FRAMEWORK_SEARCH_PATHS = (
					"$(inherited)",
					"$(FRAMEWORK_SEARCH_PATHS_QUOTED_FOR_TARGET_1)",
					/Users/hojunsong/Desktop/of_v0.8.0_osx_release/addons/ofxSyphon/libs/Syphon/lib/osx,
					"\"$(SRCROOT)/../../../addons/ofxSyphon/libs/Syphon/lib/osx\"",
				);
				FRAMEWORK_SEARCH_PATHS_QUOTED_FOR_TARGET_1 = "\"$(SRCROOT)/../../../libs/glut/lib/osx\"";
				GCC_GENERATE_DEBUGGING_SYMBOLS = YES;
				GCC_MODEL_TUNING = NONE;
				HEADER_SEARCH_PATHS = (
					"$(OF_CORE_HEADERS)",
					../../../addons/ofxFontStash/libs,
					../../../addons/ofxFontStash/libs/fontstash,
					../../../addons/ofxFontStash/libs/fontstash/src,
					../../../addons/ofxFontStash/src,
					../../../addons/ofxUnicode/libs,
					../../../addons/ofxUnicode/libs/utf8cpp,
					../../../addons/ofxUnicode/libs/utf8cpp/include,
					../../../addons/ofxUnicode/libs/utf8cpp/include/utf8,
					../../../addons/ofxUnicode/libs/utf8cpp/src,
					../../../addons/ofxUnicode/libs/utf8cpp/src/utf8_v2_3_1,
					../../../addons/ofxUnicode/libs/utf8cpp/src/utf8_v2_3_1/doc,
					../../../addons/ofxUnicode/libs/utf8cpp/src/utf8_v2_3_1/source,
					../../../addons/ofxUnicode/libs/utf8cpp/src/utf8_v2_3_1/source/utf8,
					../../../addons/ofxUnicode/src,
					../../../addons/ofxOsc/libs,
					../../../addons/ofxOsc/libs/oscpack,
					../../../addons/ofxOsc/libs/oscpack/src,
					../../../addons/ofxOsc/libs/oscpack/src/ip,
					../../../addons/ofxOsc/libs/oscpack/src/ip/posix,
					../../../addons/ofxOsc/libs/oscpack/src/ip/win32,
					../../../addons/ofxOsc/libs/oscpack/src/osc,
					../../../addons/ofxOsc/src,
				);
				ICON = "$(ICON_NAME_RELEASE)";
				ICON_FILE = "$(ICON_FILE_PATH)$(ICON)";
				INFOPLIST_FILE = "openFrameworks-Info.plist";
				INSTALL_PATH = "$(HOME)/Applications";
				LIBRARY_SEARCH_PATHS = (
					"$(inherited)",
					"$(LIBRARY_SEARCH_PATHS_QUOTED_FOR_TARGET_1)",
					"$(LIBRARY_SEARCH_PATHS_QUOTED_FOR_TARGET_2)",
					"$(LIBRARY_SEARCH_PATHS_QUOTED_FOR_TARGET_3)",
					"$(LIBRARY_SEARCH_PATHS_QUOTED_FOR_TARGET_4)",
					"$(LIBRARY_SEARCH_PATHS_QUOTED_FOR_TARGET_5)",
					"$(LIBRARY_SEARCH_PATHS_QUOTED_FOR_TARGET_6)",
					"$(LIBRARY_SEARCH_PATHS_QUOTED_FOR_TARGET_7)",
					"$(LIBRARY_SEARCH_PATHS_QUOTED_FOR_TARGET_8)",
					"$(LIBRARY_SEARCH_PATHS_QUOTED_FOR_TARGET_9)",
					"$(LIBRARY_SEARCH_PATHS_QUOTED_FOR_TARGET_10)",
					"$(LIBRARY_SEARCH_PATHS_QUOTED_FOR_TARGET_11)",
					"$(LIBRARY_SEARCH_PATHS_QUOTED_FOR_TARGET_12)",
					"$(LIBRARY_SEARCH_PATHS_QUOTED_FOR_TARGET_13)",
					"$(LIBRARY_SEARCH_PATHS_QUOTED_FOR_TARGET_14)",
					"$(LIBRARY_SEARCH_PATHS_QUOTED_FOR_TARGET_15)",
					"$(LIBRARY_SEARCH_PATHS_QUOTED_FOR_TARGET_2)",
					"$(LIBRARY_SEARCH_PATHS_QUOTED_1)",
					"$(LIBRARY_SEARCH_PATHS_QUOTED_FOR_TARGET_3)",
					"$(LIBRARY_SEARCH_PATHS_QUOTED_FOR_TARGET_7)",
					"$(LIBRARY_SEARCH_PATHS_QUOTED_FOR_TARGET_8)",
					"$(LIBRARY_SEARCH_PATHS_QUOTED_FOR_TARGET_9)",
					"$(LIBRARY_SEARCH_PATHS_QUOTED_FOR_TARGET_10)",
					"$(LIBRARY_SEARCH_PATHS_QUOTED_FOR_TARGET_11)",
					"$(LIBRARY_SEARCH_PATHS_QUOTED_FOR_TARGET_12)",
					"$(LIBRARY_SEARCH_PATHS_QUOTED_FOR_TARGET_13)",
					"$(LIBRARY_SEARCH_PATHS_QUOTED_FOR_TARGET_16)",
					"$(LIBRARY_SEARCH_PATHS_QUOTED_FOR_TARGET_17)",
					"$(LIBRARY_SEARCH_PATHS_QUOTED_FOR_TARGET_18)",
					"$(LIBRARY_SEARCH_PATHS_QUOTED_FOR_TARGET_19)",
					"$(LIBRARY_SEARCH_PATHS_QUOTED_FOR_TARGET_20)",
					"$(LIBRARY_SEARCH_PATHS_QUOTED_FOR_TARGET_21)",
					"$(LIBRARY_SEARCH_PATHS_QUOTED_FOR_TARGET_22)",
					"$(LIBRARY_SEARCH_PATHS_QUOTED_FOR_TARGET_23)",
					"$(LIBRARY_SEARCH_PATHS_QUOTED_FOR_TARGET_24)",
					"$(LIBRARY_SEARCH_PATHS_QUOTED_FOR_TARGET_25)",
					"$(LIBRARY_SEARCH_PATHS_QUOTED_FOR_TARGET_26)",
					"$(LIBRARY_SEARCH_PATHS_QUOTED_FOR_TARGET_27)",
					"$(LIBRARY_SEARCH_PATHS_QUOTED_FOR_TARGET_28)",
					"$(LIBRARY_SEARCH_PATHS_QUOTED_FOR_TARGET_29)",
					"$(LIBRARY_SEARCH_PATHS_QUOTED_FOR_TARGET_30)",
					"$(LIBRARY_SEARCH_PATHS_QUOTED_FOR_TARGET_31)",
					"$(LIBRARY_SEARCH_PATHS_QUOTED_FOR_TARGET_32)",
					"$(LIBRARY_SEARCH_PATHS_QUOTED_FOR_TARGET_33)",
					"$(LIBRARY_SEARCH_PATHS_QUOTED_FOR_TARGET_34)",
					"$(LIBRARY_SEARCH_PATHS_QUOTED_FOR_TARGET_35)",
					"$(LIBRARY_SEARCH_PATHS_QUOTED_FOR_TARGET_36)",
					"$(LIBRARY_SEARCH_PATHS_QUOTED_FOR_TARGET_37)",
					"$(LIBRARY_SEARCH_PATHS_QUOTED_FOR_TARGET_38)",
					"$(LIBRARY_SEARCH_PATHS_QUOTED_FOR_TARGET_39)",
					"$(LIBRARY_SEARCH_PATHS_QUOTED_FOR_TARGET_40)",
					"$(LIBRARY_SEARCH_PATHS_QUOTED_FOR_TARGET_41)",
					"$(LIBRARY_SEARCH_PATHS_QUOTED_FOR_TARGET_42)",
					"$(LIBRARY_SEARCH_PATHS_QUOTED_FOR_TARGET_43)",
					"$(LIBRARY_SEARCH_PATHS_QUOTED_FOR_TARGET_44)",
					"$(LIBRARY_SEARCH_PATHS_QUOTED_FOR_TARGET_45)",
					"$(LIBRARY_SEARCH_PATHS_QUOTED_FOR_TARGET_46)",
					"$(LIBRARY_SEARCH_PATHS_QUOTED_FOR_TARGET_47)",
					"$(LIBRARY_SEARCH_PATHS_QUOTED_FOR_TARGET_48)",
					"$(LIBRARY_SEARCH_PATHS_QUOTED_FOR_TARGET_49)",
					"$(LIBRARY_SEARCH_PATHS_QUOTED_FOR_TARGET_50)",
					"$(LIBRARY_SEARCH_PATHS_QUOTED_FOR_TARGET_51)",
				);
				PRODUCT_NAME = "$(TARGET_NAME)";
				SDKROOT = macosx10.7;
				WRAPPER_EXTENSION = app;
			};
			name = Release;
		};
/* End XCBuildConfiguration section */

/* Begin XCConfigurationList section */
		E4B69B4D0A3A1720003C02F2 /* Build configuration list for PBXProject "FontReadViewTest" */ = {
			isa = XCConfigurationList;
			buildConfigurations = (
				E4B69B4E0A3A1720003C02F2 /* Debug */,
				E4B69B4F0A3A1720003C02F2 /* Release */,
			);
			defaultConfigurationIsVisible = 0;
			defaultConfigurationName = Release;
		};
		E4B69B5F0A3A1757003C02F2 /* Build configuration list for PBXNativeTarget "FontReadViewTest" */ = {
			isa = XCConfigurationList;
			buildConfigurations = (
				E4B69B600A3A1757003C02F2 /* Debug */,
				E4B69B610A3A1757003C02F2 /* Release */,
			);
			defaultConfigurationIsVisible = 0;
			defaultConfigurationName = Release;
		};
/* End XCConfigurationList section */
	};
	rootObject = E4B69B4C0A3A1720003C02F2 /* Project object */;
}
